// !$*UTF8*$!
{
	archiveVersion = 1;
	classes = {
	};
	objectVersion = 46;
	objects = {

/* Begin PBXBuildFile section */
		2808AFD81AA2BFBF00FDE63F /* MasterFirstUISplitViewController.swift in Sources */ = {isa = PBXBuildFile; fileRef = 2808AFD71AA2BFBF00FDE63F /* MasterFirstUISplitViewController.swift */; };
		2809BC781A81957300467BAF /* AppDelegate.swift in Sources */ = {isa = PBXBuildFile; fileRef = 2809BC771A81957300467BAF /* AppDelegate.swift */; };
		2809BC7A1A81957300467BAF /* CalculatorViewController.swift in Sources */ = {isa = PBXBuildFile; fileRef = 2809BC791A81957300467BAF /* CalculatorViewController.swift */; };
		2809BC7D1A81957300467BAF /* Main.storyboard in Resources */ = {isa = PBXBuildFile; fileRef = 2809BC7B1A81957300467BAF /* Main.storyboard */; };
		2809BC7F1A81957300467BAF /* Images.xcassets in Resources */ = {isa = PBXBuildFile; fileRef = 2809BC7E1A81957300467BAF /* Images.xcassets */; };
		2809BC821A81957300467BAF /* LaunchScreen.xib in Resources */ = {isa = PBXBuildFile; fileRef = 2809BC801A81957300467BAF /* LaunchScreen.xib */; };
		2809BC8E1A81957300467BAF /* CalculatorTests.swift in Sources */ = {isa = PBXBuildFile; fileRef = 2809BC8D1A81957300467BAF /* CalculatorTests.swift */; };
		2875C3741A8435160035B228 /* CalculatorBrain.swift in Sources */ = {isa = PBXBuildFile; fileRef = 2875C3731A8435160035B228 /* CalculatorBrain.swift */; };
/* End PBXBuildFile section */

/* Begin PBXContainerItemProxy section */
		2809BC881A81957300467BAF /* PBXContainerItemProxy */ = {
			isa = PBXContainerItemProxy;
			containerPortal = 2809BC6A1A81957300467BAF /* Project object */;
			proxyType = 1;
			remoteGlobalIDString = 2809BC711A81957300467BAF;
			remoteInfo = Calculator;
		};
/* End PBXContainerItemProxy section */

/* Begin PBXFileReference section */
		2808AFD71AA2BFBF00FDE63F /* MasterFirstUISplitViewController.swift */ = {isa = PBXFileReference; fileEncoding = 4; lastKnownFileType = sourcecode.swift; path = MasterFirstUISplitViewController.swift; sourceTree = "<group>"; };
		2809BC721A81957300467BAF /* Calculator.app */ = {isa = PBXFileReference; explicitFileType = wrapper.application; includeInIndex = 0; path = Calculator.app; sourceTree = BUILT_PRODUCTS_DIR; };
		2809BC761A81957300467BAF /* Info.plist */ = {isa = PBXFileReference; lastKnownFileType = text.plist.xml; path = Info.plist; sourceTree = "<group>"; };
		2809BC771A81957300467BAF /* AppDelegate.swift */ = {isa = PBXFileReference; lastKnownFileType = sourcecode.swift; path = AppDelegate.swift; sourceTree = "<group>"; };
		2809BC791A81957300467BAF /* CalculatorViewController.swift */ = {isa = PBXFileReference; lastKnownFileType = sourcecode.swift; path = CalculatorViewController.swift; sourceTree = "<group>"; };
		2809BC7C1A81957300467BAF /* Base */ = {isa = PBXFileReference; lastKnownFileType = file.storyboard; name = Base; path = Base.lproj/Main.storyboard; sourceTree = "<group>"; };
		2809BC7E1A81957300467BAF /* Images.xcassets */ = {isa = PBXFileReference; lastKnownFileType = folder.assetcatalog; path = Images.xcassets; sourceTree = "<group>"; };
		2809BC811A81957300467BAF /* Base */ = {isa = PBXFileReference; lastKnownFileType = file.xib; name = Base; path = Base.lproj/LaunchScreen.xib; sourceTree = "<group>"; };
		2809BC871A81957300467BAF /* CalculatorTests.xctest */ = {isa = PBXFileReference; explicitFileType = wrapper.cfbundle; includeInIndex = 0; path = CalculatorTests.xctest; sourceTree = BUILT_PRODUCTS_DIR; };
		2809BC8C1A81957300467BAF /* Info.plist */ = {isa = PBXFileReference; lastKnownFileType = text.plist.xml; path = Info.plist; sourceTree = "<group>"; };
		2809BC8D1A81957300467BAF /* CalculatorTests.swift */ = {isa = PBXFileReference; lastKnownFileType = sourcecode.swift; path = CalculatorTests.swift; sourceTree = "<group>"; };
		2875C3731A8435160035B228 /* CalculatorBrain.swift */ = {isa = PBXFileReference; fileEncoding = 4; lastKnownFileType = sourcecode.swift; path = CalculatorBrain.swift; sourceTree = "<group>"; };
/* End PBXFileReference section */

/* Begin PBXFrameworksBuildPhase section */
		2809BC6F1A81957300467BAF /* Frameworks */ = {
			isa = PBXFrameworksBuildPhase;
			buildActionMask = 2147483647;
			files = (
			);
			runOnlyForDeploymentPostprocessing = 0;
		};
		2809BC841A81957300467BAF /* Frameworks */ = {
			isa = PBXFrameworksBuildPhase;
			buildActionMask = 2147483647;
			files = (
			);
			runOnlyForDeploymentPostprocessing = 0;
		};
/* End PBXFrameworksBuildPhase section */

/* Begin PBXGroup section */
		2809BC691A81957300467BAF = {
			isa = PBXGroup;
			children = (
				2809BC741A81957300467BAF /* Calculator */,
				2809BC8A1A81957300467BAF /* CalculatorTests */,
				2809BC731A81957300467BAF /* Products */,
			);
			sourceTree = "<group>";
		};
		2809BC731A81957300467BAF /* Products */ = {
			isa = PBXGroup;
			children = (
				2809BC721A81957300467BAF /* Calculator.app */,
				2809BC871A81957300467BAF /* CalculatorTests.xctest */,
			);
			name = Products;
			sourceTree = "<group>";
		};
		2809BC741A81957300467BAF /* Calculator */ = {
			isa = PBXGroup;
			children = (
				2809BC7B1A81957300467BAF /* Main.storyboard */,
				2809BC791A81957300467BAF /* CalculatorViewController.swift */,
				2875C3731A8435160035B228 /* CalculatorBrain.swift */,
				2809BC751A81957300467BAF /* Supporting Files */,
			);
			path = Calculator;
			sourceTree = "<group>";
		};
		2809BC751A81957300467BAF /* Supporting Files */ = {
			isa = PBXGroup;
			children = (
				2808AFD71AA2BFBF00FDE63F /* MasterFirstUISplitViewController.swift */,
				2809BC801A81957300467BAF /* LaunchScreen.xib */,
				2809BC7E1A81957300467BAF /* Images.xcassets */,
				2809BC771A81957300467BAF /* AppDelegate.swift */,
				2809BC761A81957300467BAF /* Info.plist */,
			);
			name = "Supporting Files";
			sourceTree = "<group>";
		};
		2809BC8A1A81957300467BAF /* CalculatorTests */ = {
			isa = PBXGroup;
			children = (
				2809BC8D1A81957300467BAF /* CalculatorTests.swift */,
				2809BC8B1A81957300467BAF /* Supporting Files */,
			);
			path = CalculatorTests;
			sourceTree = "<group>";
		};
		2809BC8B1A81957300467BAF /* Supporting Files */ = {
			isa = PBXGroup;
			children = (
				2809BC8C1A81957300467BAF /* Info.plist */,
			);
			name = "Supporting Files";
			sourceTree = "<group>";
		};
/* End PBXGroup section */

/* Begin PBXNativeTarget section */
		2809BC711A81957300467BAF /* Calculator */ = {
			isa = PBXNativeTarget;
			buildConfigurationList = 2809BC911A81957300467BAF /* Build configuration list for PBXNativeTarget "Calculator" */;
			buildPhases = (
				2809BC6E1A81957300467BAF /* Sources */,
				2809BC6F1A81957300467BAF /* Frameworks */,
				2809BC701A81957300467BAF /* Resources */,
			);
			buildRules = (
			);
			dependencies = (
			);
			name = Calculator;
			productName = Calculator;
			productReference = 2809BC721A81957300467BAF /* Calculator.app */;
			productType = "com.apple.product-type.application";
		};
		2809BC861A81957300467BAF /* CalculatorTests */ = {
			isa = PBXNativeTarget;
			buildConfigurationList = 2809BC941A81957300467BAF /* Build configuration list for PBXNativeTarget "CalculatorTests" */;
			buildPhases = (
				2809BC831A81957300467BAF /* Sources */,
				2809BC841A81957300467BAF /* Frameworks */,
				2809BC851A81957300467BAF /* Resources */,
			);
			buildRules = (
			);
			dependencies = (
				2809BC891A81957300467BAF /* PBXTargetDependency */,
			);
			name = CalculatorTests;
			productName = CalculatorTests;
			productReference = 2809BC871A81957300467BAF /* CalculatorTests.xctest */;
			productType = "com.apple.product-type.bundle.unit-test";
		};
/* End PBXNativeTarget section */

/* Begin PBXProject section */
		2809BC6A1A81957300467BAF /* Project object */ = {
			isa = PBXProject;
			attributes = {
				LastUpgradeCheck = 0610;
				ORGANIZATIONNAME = "Neil Bajorin";
				TargetAttributes = {
					2809BC711A81957300467BAF = {
						CreatedOnToolsVersion = 6.1.1;
					};
					2809BC861A81957300467BAF = {
						CreatedOnToolsVersion = 6.1.1;
						TestTargetID = 2809BC711A81957300467BAF;
					};
				};
			};
			buildConfigurationList = 2809BC6D1A81957300467BAF /* Build configuration list for PBXProject "Calculator" */;
			compatibilityVersion = "Xcode 3.2";
			developmentRegion = English;
			hasScannedForEncodings = 0;
			knownRegions = (
				en,
				Base,
			);
			mainGroup = 2809BC691A81957300467BAF;
			productRefGroup = 2809BC731A81957300467BAF /* Products */;
			projectDirPath = "";
			projectRoot = "";
			targets = (
				2809BC711A81957300467BAF /* Calculator */,
				2809BC861A81957300467BAF /* CalculatorTests */,
			);
		};
/* End PBXProject section */

/* Begin PBXResourcesBuildPhase section */
		2809BC701A81957300467BAF /* Resources */ = {
			isa = PBXResourcesBuildPhase;
			buildActionMask = 2147483647;
			files = (
				2809BC7D1A81957300467BAF /* Main.storyboard in Resources */,
				2809BC821A81957300467BAF /* LaunchScreen.xib in Resources */,
				2809BC7F1A81957300467BAF /* Images.xcassets in Resources */,
			);
			runOnlyForDeploymentPostprocessing = 0;
		};
		2809BC851A81957300467BAF /* Resources */ = {
			isa = PBXResourcesBuildPhase;
			buildActionMask = 2147483647;
			files = (
			);
			runOnlyForDeploymentPostprocessing = 0;
		};
/* End PBXResourcesBuildPhase section */

/* Begin PBXSourcesBuildPhase section */
		2809BC6E1A81957300467BAF /* Sources */ = {
			isa = PBXSourcesBuildPhase;
			buildActionMask = 2147483647;
			files = (
				2875C3741A8435160035B228 /* CalculatorBrain.swift in Sources */,
				2809BC7A1A81957300467BAF /* CalculatorViewController.swift in Sources */,
				2808AFD81AA2BFBF00FDE63F /* MasterFirstUISplitViewController.swift in Sources */,
				2809BC781A81957300467BAF /* AppDelegate.swift in Sources */,
			);
			runOnlyForDeploymentPostprocessing = 0;
		};
		2809BC831A81957300467BAF /* Sources */ = {
			isa = PBXSourcesBuildPhase;
			buildActionMask = 2147483647;
			files = (
				2809BC8E1A81957300467BAF /* CalculatorTests.swift in Sources */,
			);
			runOnlyForDeploymentPostprocessing = 0;
		};
/* End PBXSourcesBuildPhase section */

/* Begin PBXTargetDependency section */
		2809BC891A81957300467BAF /* PBXTargetDependency */ = {
			isa = PBXTargetDependency;
			target = 2809BC711A81957300467BAF /* Calculator */;
			targetProxy = 2809BC881A81957300467BAF /* PBXContainerItemProxy */;
		};
/* End PBXTargetDependency section */

/* Begin PBXVariantGroup section */
		2809BC7B1A81957300467BAF /* Main.storyboard */ = {
			isa = PBXVariantGroup;
			children = (
				2809BC7C1A81957300467BAF /* Base */,
			);
			name = Main.storyboard;
			sourceTree = "<group>";
		};
		2809BC801A81957300467BAF /* LaunchScreen.xib */ = {
			isa = PBXVariantGroup;
			children = (
				2809BC811A81957300467BAF /* Base */,
			);
			name = LaunchScreen.xib;
			sourceTree = "<group>";
		};
/* End PBXVariantGroup section */

/* Begin XCBuildConfiguration section */
		2809BC8F1A81957300467BAF /* Debug */ = {
			isa = XCBuildConfiguration;
			buildSettings = {
				ALWAYS_SEARCH_USER_PATHS = NO;
				CLANG_CXX_LANGUAGE_STANDARD = "gnu++0x";
				CLANG_CXX_LIBRARY = "libc++";
				CLANG_ENABLE_MODULES = YES;
				CLANG_ENABLE_OBJC_ARC = YES;
				CLANG_WARN_BOOL_CONVERSION = YES;
				CLANG_WARN_CONSTANT_CONVERSION = YES;
				CLANG_WARN_DIRECT_OBJC_ISA_USAGE = YES_ERROR;
				CLANG_WARN_EMPTY_BODY = YES;
				CLANG_WARN_ENUM_CONVERSION = YES;
				CLANG_WARN_INT_CONVERSION = YES;
				CLANG_WARN_OBJC_ROOT_CLASS = YES_ERROR;
				CLANG_WARN_UNREACHABLE_CODE = YES;
				CLANG_WARN__DUPLICATE_METHOD_MATCH = YES;
				"CODE_SIGN_IDENTITY[sdk=iphoneos*]" = "iPhone Developer";
				COPY_PHASE_STRIP = NO;
				ENABLE_STRICT_OBJC_MSGSEND = YES;
				GCC_C_LANGUAGE_STANDARD = gnu99;
				GCC_DYNAMIC_NO_PIC = NO;
				GCC_OPTIMIZATION_LEVEL = 0;
				GCC_PREPROCESSOR_DEFINITIONS = (
					"DEBUG=1",
					"$(inherited)",
				);
				GCC_SYMBOLS_PRIVATE_EXTERN = NO;
				GCC_WARN_64_TO_32_BIT_CONVERSION = YES;
				GCC_WARN_ABOUT_RETURN_TYPE = YES_ERROR;
				GCC_WARN_UNDECLARED_SELECTOR = YES;
				GCC_WARN_UNINITIALIZED_AUTOS = YES_AGGRESSIVE;
				GCC_WARN_UNUSED_FUNCTION = YES;
				GCC_WARN_UNUSED_VARIABLE = YES;
				IPHONEOS_DEPLOYMENT_TARGET = 8.1;
				MTL_ENABLE_DEBUG_INFO = YES;
				ONLY_ACTIVE_ARCH = YES;
				SDKROOT = iphoneos;
				SWIFT_OPTIMIZATION_LEVEL = "-Onone";
				TARGETED_DEVICE_FAMILY = "1,2";
			};
			name = Debug;
		};
		2809BC901A81957300467BAF /* Release */ = {
			isa = XCBuildConfiguration;
			buildSettings = {
				ALWAYS_SEARCH_USER_PATHS = NO;
				CLANG_CXX_LANGUAGE_STANDARD = "gnu++0x";
				CLANG_CXX_LIBRARY = "libc++";
				CLANG_ENABLE_MODULES = YES;
				CLANG_ENABLE_OBJC_ARC = YES;
				CLANG_WARN_BOOL_CONVERSION = YES;
				CLANG_WARN_CONSTANT_CONVERSION = YES;
				CLANG_WARN_DIRECT_OBJC_ISA_USAGE = YES_ERROR;
				CLANG_WARN_EMPTY_BODY = YES;
				CLANG_WARN_ENUM_CONVERSION = YES;
				CLANG_WARN_INT_CONVERSION = YES;
				CLANG_WARN_OBJC_ROOT_CLASS = YES_ERROR;
				CLANG_WARN_UNREACHABLE_CODE = YES;
				CLANG_WARN__DUPLICATE_METHOD_MATCH = YES;
				"CODE_SIGN_IDENTITY[sdk=iphoneos*]" = "iPhone Developer";
				COPY_PHASE_STRIP = YES;
				ENABLE_NS_ASSERTIONS = NO;
				ENABLE_STRICT_OBJC_MSGSEND = YES;
				GCC_C_LANGUAGE_STANDARD = gnu99;
				GCC_WARN_64_TO_32_BIT_CONVERSION = YES;
				GCC_WARN_ABOUT_RETURN_TYPE = YES_ERROR;
				GCC_WARN_UNDECLARED_SELECTOR = YES;
				GCC_WARN_UNINITIALIZED_AUTOS = YES_AGGRESSIVE;
				GCC_WARN_UNUSED_FUNCTION = YES;
				GCC_WARN_UNUSED_VARIABLE = YES;
				IPHONEOS_DEPLOYMENT_TARGET = 8.1;
				MTL_ENABLE_DEBUG_INFO = NO;
				SDKROOT = iphoneos;
				TARGETED_DEVICE_FAMILY = "1,2";
				VALIDATE_PRODUCT = YES;
			};
			name = Release;
		};
		2809BC921A81957300467BAF /* Debug */ = {
			isa = XCBuildConfiguration;
			buildSettings = {
				ASSETCATALOG_COMPILER_APPICON_NAME = AppIcon;
				INFOPLIST_FILE = Calculator/Info.plist;
				LD_RUNPATH_SEARCH_PATHS = "$(inherited) @executable_path/Frameworks";
				PRODUCT_NAME = "$(TARGET_NAME)";
			};
			name = Debug;
		};
		2809BC931A81957300467BAF /* Release */ = {
			isa = XCBuildConfiguration;
			buildSettings = {
				ASSETCATALOG_COMPILER_APPICON_NAME = AppIcon;
				INFOPLIST_FILE = Calculator/Info.plist;
				LD_RUNPATH_SEARCH_PATHS = "$(inherited) @executable_path/Frameworks";
				PRODUCT_NAME = "$(TARGET_NAME)";
			};
			name = Release;
		};
		2809BC951A81957300467BAF /* Debug */ = {
			isa = XCBuildConfiguration;
			buildSettings = {
				BUNDLE_LOADER = "$(TEST_HOST)";
				FRAMEWORK_SEARCH_PATHS = (
					"$(SDKROOT)/Developer/Library/Frameworks",
					"$(inherited)",
				);
				GCC_PREPROCESSOR_DEFINITIONS = (
					"DEBUG=1",
					"$(inherited)",
				);
				INFOPLIST_FILE = CalculatorTests/Info.plist;
				LD_RUNPATH_SEARCH_PATHS = "$(inherited) @executable_path/Frameworks @loader_path/Frameworks";
				PRODUCT_NAME = "$(TARGET_NAME)";
				TEST_HOST = "$(BUILT_PRODUCTS_DIR)/Calculator.app/Calculator";
			};
			name = Debug;
		};
		2809BC961A81957300467BAF /* Release */ = {
			isa = XCBuildConfiguration;
			buildSettings = {
				BUNDLE_LOADER = "$(TEST_HOST)";
				FRAMEWORK_SEARCH_PATHS = (
					"$(SDKROOT)/Developer/Library/Frameworks",
					"$(inherited)",
				);
				INFOPLIST_FILE = CalculatorTests/Info.plist;
				LD_RUNPATH_SEARCH_PATHS = "$(inherited) @executable_path/Frameworks @loader_path/Frameworks";
				PRODUCT_NAME = "$(TARGET_NAME)";
				TEST_HOST = "$(BUILT_PRODUCTS_DIR)/Calculator.app/Calculator";
			};
			name = Release;
		};
/* End XCBuildConfiguration section */

/* Begin XCConfigurationList section */
		2809BC6D1A81957300467BAF /* Build configuration list for PBXProject "Calculator" */ = {
			isa = XCConfigurationList;
			buildConfigurations = (
				2809BC8F1A81957300467BAF /* Debug */,
				2809BC901A81957300467BAF /* Release */,
			);
			defaultConfigurationIsVisible = 0;
			defaultConfigurationName = Release;
		};
		2809BC911A81957300467BAF /* Build configuration list for PBXNativeTarget "Calculator" */ = {
			isa = XCConfigurationList;
			buildConfigurations = (
				2809BC921A81957300467BAF /* Debug */,
				2809BC931A81957300467BAF /* Release */,
			);
			defaultConfigurationIsVisible = 0;
			defaultConfigurationName = Release;
		};
		2809BC941A81957300467BAF /* Build configuration list for PBXNativeTarget "CalculatorTests" */ = {
			isa = XCConfigurationList;
			buildConfigurations = (
				2809BC951A81957300467BAF /* Debug */,
				2809BC961A81957300467BAF /* Release */,
			);
			defaultConfigurationIsVisible = 0;
			defaultConfigurationName = Release;
		};
/* End XCConfigurationList section */
	};
	rootObject = 2809BC6A1A81957300467BAF /* Project object */;
}
